// !$*UTF8*$!
{
	archiveVersion = 1;
	classes = {
	};
	objectVersion = 55;
	objects = {

/* Begin PBXBuildFile section */
		C32464DD28B1749A007F4C00 /* HotelTableViewCell.swift in Sources */ = {isa = PBXBuildFile; fileRef = C32464DC28B1749A007F4C00 /* HotelTableViewCell.swift */; };
		C32464DF28B1760A007F4C00 /* HotelsVC.swift in Sources */ = {isa = PBXBuildFile; fileRef = C32464DE28B1760A007F4C00 /* HotelsVC.swift */; };
		C32464E128B177A9007F4C00 /* Hotel.swift in Sources */ = {isa = PBXBuildFile; fileRef = C32464E028B177A9007F4C00 /* Hotel.swift */; };
		C32464E328B397FB007F4C00 /* FavorilerViewController.swift in Sources */ = {isa = PBXBuildFile; fileRef = C32464E228B397FB007F4C00 /* FavorilerViewController.swift */; };
		C39F768728AFB75F00F74E90 /* AppDelegate.swift in Sources */ = {isa = PBXBuildFile; fileRef = C39F768628AFB75F00F74E90 /* AppDelegate.swift */; };
		C39F768928AFB75F00F74E90 /* SceneDelegate.swift in Sources */ = {isa = PBXBuildFile; fileRef = C39F768828AFB75F00F74E90 /* SceneDelegate.swift */; };
		C39F768E28AFB75F00F74E90 /* Main.storyboard in Resources */ = {isa = PBXBuildFile; fileRef = C39F768C28AFB75F00F74E90 /* Main.storyboard */; };
		C39F769028AFB75F00F74E90 /* Assets.xcassets in Resources */ = {isa = PBXBuildFile; fileRef = C39F768F28AFB75F00F74E90 /* Assets.xcassets */; };
		C39F769328AFB75F00F74E90 /* LaunchScreen.storyboard in Resources */ = {isa = PBXBuildFile; fileRef = C39F769128AFB75F00F74E90 /* LaunchScreen.storyboard */; };
		C39F769B28B1358000F74E90 /* GirissayfaVC.swift in Sources */ = {isa = PBXBuildFile; fileRef = C39F769A28B1358000F74E90 /* GirissayfaVC.swift */; };
/* End PBXBuildFile section */

/* Begin PBXFileReference section */
		C32464DC28B1749A007F4C00 /* HotelTableViewCell.swift */ = {isa = PBXFileReference; lastKnownFileType = sourcecode.swift; path = HotelTableViewCell.swift; sourceTree = "<group>"; };
		C32464DE28B1760A007F4C00 /* HotelsVC.swift */ = {isa = PBXFileReference; lastKnownFileType = sourcecode.swift; path = HotelsVC.swift; sourceTree = "<group>"; };
		C32464E028B177A9007F4C00 /* Hotel.swift */ = {isa = PBXFileReference; lastKnownFileType = sourcecode.swift; path = Hotel.swift; sourceTree = "<group>"; };
		C32464E228B397FB007F4C00 /* FavorilerViewController.swift */ = {isa = PBXFileReference; lastKnownFileType = sourcecode.swift; path = FavorilerViewController.swift; sourceTree = "<group>"; };
		C39F768328AFB75F00F74E90 /* Odev6Listeleme.app */ = {isa = PBXFileReference; explicitFileType = wrapper.application; includeInIndex = 0; path = Odev6Listeleme.app; sourceTree = BUILT_PRODUCTS_DIR; };
		C39F768628AFB75F00F74E90 /* AppDelegate.swift */ = {isa = PBXFileReference; lastKnownFileType = sourcecode.swift; path = AppDelegate.swift; sourceTree = "<group>"; };
		C39F768828AFB75F00F74E90 /* SceneDelegate.swift */ = {isa = PBXFileReference; lastKnownFileType = sourcecode.swift; path = SceneDelegate.swift; sourceTree = "<group>"; };
		C39F768D28AFB75F00F74E90 /* Base */ = {isa = PBXFileReference; lastKnownFileType = file.storyboard; name = Base; path = Base.lproj/Main.storyboard; sourceTree = "<group>"; };
		C39F768F28AFB75F00F74E90 /* Assets.xcassets */ = {isa = PBXFileReference; lastKnownFileType = folder.assetcatalog; path = Assets.xcassets; sourceTree = "<group>"; };
		C39F769228AFB75F00F74E90 /* Base */ = {isa = PBXFileReference; lastKnownFileType = file.storyboard; name = Base; path = Base.lproj/LaunchScreen.storyboard; sourceTree = "<group>"; };
		C39F769428AFB75F00F74E90 /* Info.plist */ = {isa = PBXFileReference; lastKnownFileType = text.plist.xml; path = Info.plist; sourceTree = "<group>"; };
		C39F769A28B1358000F74E90 /* GirissayfaVC.swift */ = {isa = PBXFileReference; lastKnownFileType = sourcecode.swift; path = GirissayfaVC.swift; sourceTree = "<group>"; };
/* End PBXFileReference section */

/* Begin PBXFrameworksBuildPhase section */
		C39F768028AFB75F00F74E90 /* Frameworks */ = {
			isa = PBXFrameworksBuildPhase;
			buildActionMask = 2147483647;
			files = (
			);
			runOnlyForDeploymentPostprocessing = 0;
		};
/* End PBXFrameworksBuildPhase section */

/* Begin PBXGroup section */
		C39F767A28AFB75F00F74E90 = {
			isa = PBXGroup;
			children = (
				C39F768528AFB75F00F74E90 /* Odev6Listeleme */,
				C39F768428AFB75F00F74E90 /* Products */,
			);
			sourceTree = "<group>";
		};
		C39F768428AFB75F00F74E90 /* Products */ = {
			isa = PBXGroup;
			children = (
				C39F768328AFB75F00F74E90 /* Odev6Listeleme.app */,
			);
			name = Products;
			sourceTree = "<group>";
		};
		C39F768528AFB75F00F74E90 /* Odev6Listeleme */ = {
			isa = PBXGroup;
			children = (
				C39F768628AFB75F00F74E90 /* AppDelegate.swift */,
				C39F768828AFB75F00F74E90 /* SceneDelegate.swift */,
				C39F769A28B1358000F74E90 /* GirissayfaVC.swift */,
				C32464DC28B1749A007F4C00 /* HotelTableViewCell.swift */,
				C32464DE28B1760A007F4C00 /* HotelsVC.swift */,
				C32464E028B177A9007F4C00 /* Hotel.swift */,
				C32464E228B397FB007F4C00 /* FavorilerViewController.swift */,
				C39F768C28AFB75F00F74E90 /* Main.storyboard */,
				C39F768F28AFB75F00F74E90 /* Assets.xcassets */,
				C39F769128AFB75F00F74E90 /* LaunchScreen.storyboard */,
				C39F769428AFB75F00F74E90 /* Info.plist */,
			);
			path = Odev6Listeleme;
			sourceTree = "<group>";
		};
/* End PBXGroup section */

/* Begin PBXNativeTarget section */
		C39F768228AFB75F00F74E90 /* Odev6Listeleme */ = {
			isa = PBXNativeTarget;
			buildConfigurationList = C39F769728AFB75F00F74E90 /* Build configuration list for PBXNativeTarget "Odev6Listeleme" */;
			buildPhases = (
				C39F767F28AFB75F00F74E90 /* Sources */,
				C39F768028AFB75F00F74E90 /* Frameworks */,
				C39F768128AFB75F00F74E90 /* Resources */,
			);
			buildRules = (
			);
			dependencies = (
			);
			name = Odev6Listeleme;
			productName = Odev6Listeleme;
			productReference = C39F768328AFB75F00F74E90 /* Odev6Listeleme.app */;
			productType = "com.apple.product-type.application";
		};
/* End PBXNativeTarget section */

/* Begin PBXProject section */
		C39F767B28AFB75F00F74E90 /* Project object */ = {
			isa = PBXProject;
			attributes = {
				BuildIndependentTargetsInParallel = 1;
				LastSwiftUpdateCheck = 1340;
				LastUpgradeCheck = 1340;
				TargetAttributes = {
					C39F768228AFB75F00F74E90 = {
						CreatedOnToolsVersion = 13.4.1;
					};
				};
			};
			buildConfigurationList = C39F767E28AFB75F00F74E90 /* Build configuration list for PBXProject "Odev6Listeleme" */;
			compatibilityVersion = "Xcode 13.0";
			developmentRegion = en;
			hasScannedForEncodings = 0;
			knownRegions = (
				en,
				Base,
			);
			mainGroup = C39F767A28AFB75F00F74E90;
			productRefGroup = C39F768428AFB75F00F74E90 /* Products */;
			projectDirPath = "";
			projectRoot = "";
			targets = (
				C39F768228AFB75F00F74E90 /* Odev6Listeleme */,
			);
		};
/* End PBXProject section */

/* Begin PBXResourcesBuildPhase section */
		C39F768128AFB75F00F74E90 /* Resources */ = {
			isa = PBXResourcesBuildPhase;
			buildActionMask = 2147483647;
			files = (
				C39F769328AFB75F00F74E90 /* LaunchScreen.storyboard in Resources */,
				C39F769028AFB75F00F74E90 /* Assets.xcassets in Resources */,
				C39F768E28AFB75F00F74E90 /* Main.storyboard in Resources */,
			);
			runOnlyForDeploymentPostprocessing = 0;
		};
/* End PBXResourcesBuildPhase section */

/* Begin PBXSourcesBuildPhase section */
		C39F767F28AFB75F00F74E90 /* Sources */ = {
			isa = PBXSourcesBuildPhase;
			buildActionMask = 2147483647;
			files = (
				C32464E128B177A9007F4C00 /* Hotel.swift in Sources */,
				C39F769B28B1358000F74E90 /* GirissayfaVC.swift in Sources */,
				C32464DD28B1749A007F4C00 /* HotelTableViewCell.swift in Sources */,
				C39F768728AFB75F00F74E90 /* AppDelegate.swift in Sources */,
				C32464DF28B1760A007F4C00 /* HotelsVC.swift in Sources */,
				C39F768928AFB75F00F74E90 /* SceneDelegate.swift in Sources */,
				C32464E328B397FB007F4C00 /* FavorilerViewController.swift in Sources */,
			);
			runOnlyForDeploymentPostprocessing = 0;
		};
/* End PBXSourcesBuildPhase section */

/* Begin PBXVariantGroup section */
		C39F768C28AFB75F00F74E90 /* Main.storyboard */ = {
			isa = PBXVariantGroup;
			children = (
				C39F768D28AFB75F00F74E90 /* Base */,
			);
			name = Main.storyboard;
			sourceTree = "<group>";
		};
		C39F769128AFB75F00F74E90 /* LaunchScreen.storyboard */ = {
			isa = PBXVariantGroup;
			children = (
				C39F769228AFB75F00F74E90 /* Base */,
			);
			name = LaunchScreen.storyboard;
			sourceTree = "<group>";
		};
/* End PBXVariantGroup section */

/* Begin XCBuildConfiguration section */
		C39F769528AFB75F00F74E90 /* Debug */ = {
			isa = XCBuildConfiguration;
			buildSettings = {
				ALWAYS_SEARCH_USER_PATHS = NO;
				CLANG_ANALYZER_NONNULL = YES;
				CLANG_ANALYZER_NUMBER_OBJECT_CONVERSION = YES_AGGRESSIVE;
				CLANG_CXX_LANGUAGE_STANDARD = "gnu++17";
				CLANG_ENABLE_MODULES = YES;
				CLANG_ENABLE_OBJC_ARC = YES;
				CLANG_ENABLE_OBJC_WEAK = YES;
				CLANG_WARN_BLOCK_CAPTURE_AUTORELEASING = YES;
				CLANG_WARN_BOOL_CONVERSION = YES;
				CLANG_WARN_COMMA = YES;
				CLANG_WARN_CONSTANT_CONVERSION = YES;
				CLANG_WARN_DEPRECATED_OBJC_IMPLEMENTATIONS = YES;
				CLANG_WARN_DIRECT_OBJC_ISA_USAGE = YES_ERROR;
				CLANG_WARN_DOCUMENTATION_COMMENTS = YES;
				CLANG_WARN_EMPTY_BODY = YES;
				CLANG_WARN_ENUM_CONVERSION = YES;
				CLANG_WARN_INFINITE_RECURSION = YES;
				CLANG_WARN_INT_CONVERSION = YES;
				CLANG_WARN_NON_LITERAL_NULL_CONVERSION = YES;
				CLANG_WARN_OBJC_IMPLICIT_RETAIN_SELF = YES;
				CLANG_WARN_OBJC_LITERAL_CONVERSION = YES;
				CLANG_WARN_OBJC_ROOT_CLASS = YES_ERROR;
				CLANG_WARN_QUOTED_INCLUDE_IN_FRAMEWORK_HEADER = YES;
				CLANG_WARN_RANGE_LOOP_ANALYSIS = YES;
				CLANG_WARN_STRICT_PROTOTYPES = YES;
				CLANG_WARN_SUSPICIOUS_MOVE = YES;
				CLANG_WARN_UNGUARDED_AVAILABILITY = YES_AGGRESSIVE;
				CLANG_WARN_UNREACHABLE_CODE = YES;
				CLANG_WARN__DUPLICATE_METHOD_MATCH = YES;
				COPY_PHASE_STRIP = NO;
				DEBUG_INFORMATION_FORMAT = dwarf;
				ENABLE_STRICT_OBJC_MSGSEND = YES;
				ENABLE_TESTABILITY = YES;
				GCC_C_LANGUAGE_STANDARD = gnu11;
				GCC_DYNAMIC_NO_PIC = NO;
				GCC_NO_COMMON_BLOCKS = YES;
				GCC_OPTIMIZATION_LEVEL = 0;
				GCC_PREPROCESSOR_DEFINITIONS = (
					"DEBUG=1",
					"$(inherited)",
				);
				GCC_WARN_64_TO_32_BIT_CONVERSION = YES;
				GCC_WARN_ABOUT_RETURN_TYPE = YES_ERROR;
				GCC_WARN_UNDECLARED_SELECTOR = YES;
				GCC_WARN_UNINITIALIZED_AUTOS = YES_AGGRESSIVE;
				GCC_WARN_UNUSED_FUNCTION = YES;
				GCC_WARN_UNUSED_VARIABLE = YES;
				IPHONEOS_DEPLOYMENT_TARGET = 15.5;
				MTL_ENABLE_DEBUG_INFO = INCLUDE_SOURCE;
				MTL_FAST_MATH = YES;
				ONLY_ACTIVE_ARCH = YES;
				SDKROOT = iphoneos;
				SWIFT_ACTIVE_COMPILATION_CONDITIONS = DEBUG;
				SWIFT_OPTIMIZATION_LEVEL = "-Onone";
			};
			name = Debug;
		};
		C39F769628AFB75F00F74E90 /* Release */ = {
			isa = XCBuildConfiguration;
			buildSettings = {
				ALWAYS_SEARCH_USER_PATHS = NO;
				CLANG_ANALYZER_NONNULL = YES;
				CLANG_ANALYZER_NUMBER_OBJECT_CONVERSION = YES_AGGRESSIVE;
				CLANG_CXX_LANGUAGE_STANDARD = "gnu++17";
				CLANG_ENABLE_MODULES = YES;
				CLANG_ENABLE_OBJC_ARC = YES;
				CLANG_ENABLE_OBJC_WEAK = YES;
				CLANG_WARN_BLOCK_CAPTURE_AUTORELEASING = YES;
				CLANG_WARN_BOOL_CONVERSION = YES;
				CLANG_WARN_COMMA = YES;
				CLANG_WARN_CONSTANT_CONVERSION = YES;
				CLANG_WARN_DEPRECATED_OBJC_IMPLEMENTATIONS = YES;
				CLANG_WARN_DIRECT_OBJC_ISA_USAGE = YES_ERROR;
				CLANG_WARN_DOCUMENTATION_COMMENTS = YES;
				CLANG_WARN_EMPTY_BODY = YES;
				CLANG_WARN_ENUM_CONVERSION = YES;
				CLANG_WARN_INFINITE_RECURSION = YES;
				CLANG_WARN_INT_CONVERSION = YES;
				CLANG_WARN_NON_LITERAL_NULL_CONVERSION = YES;
				CLANG_WARN_OBJC_IMPLICIT_RETAIN_SELF = YES;
				CLANG_WARN_OBJC_LITERAL_CONVERSION = YES;
				CLANG_WARN_OBJC_ROOT_CLASS = YES_ERROR;
				CLANG_WARN_QUOTED_INCLUDE_IN_FRAMEWORK_HEADER = YES;
				CLANG_WARN_RANGE_LOOP_ANALYSIS = YES;
				CLANG_WARN_STRICT_PROTOTYPES = YES;
				CLANG_WARN_SUSPICIOUS_MOVE = YES;
				CLANG_WARN_UNGUARDED_AVAILABILITY = YES_AGGRESSIVE;
				CLANG_WARN_UNREACHABLE_CODE = YES;
				CLANG_WARN__DUPLICATE_METHOD_MATCH = YES;
				COPY_PHASE_STRIP = NO;
				DEBUG_INFORMATION_FORMAT = "dwarf-with-dsym";
				ENABLE_NS_ASSERTIONS = NO;
				ENABLE_STRICT_OBJC_MSGSEND = YES;
				GCC_C_LANGUAGE_STANDARD = gnu11;
				GCC_NO_COMMON_BLOCKS = YES;
				GCC_WARN_64_TO_32_BIT_CONVERSION = YES;
				GCC_WARN_ABOUT_RETURN_TYPE = YES_ERROR;
				GCC_WARN_UNDECLARED_SELECTOR = YES;
				GCC_WARN_UNINITIALIZED_AUTOS = YES_AGGRESSIVE;
				GCC_WARN_UNUSED_FUNCTION = YES;
				GCC_WARN_UNUSED_VARIABLE = YES;
				IPHONEOS_DEPLOYMENT_TARGET = 15.5;
				MTL_ENABLE_DEBUG_INFO = NO;
				MTL_FAST_MATH = YES;
				SDKROOT = iphoneos;
				SWIFT_COMPILATION_MODE = wholemodule;
				SWIFT_OPTIMIZATION_LEVEL = "-O";
				VALIDATE_PRODUCT = YES;
			};
			name = Release;
		};
		C39F769828AFB75F00F74E90 /* Debug */ = {
			isa = XCBuildConfiguration;
			buildSettings = {
				ASSETCATALOG_COMPILER_APPICON_NAME = AppIcon;
				ASSETCATALOG_COMPILER_GLOBAL_ACCENT_COLOR_NAME = AccentColor;
				CODE_SIGN_STYLE = Automatic;
				CURRENT_PROJECT_VERSION = 1;
				DEVELOPMENT_TEAM = K4Z35HXPV3;
				GENERATE_INFOPLIST_FILE = YES;
				INFOPLIST_FILE = Odev6Listeleme/Info.plist;
				INFOPLIST_KEY_UIApplicationSupportsIndirectInputEvents = YES;
				INFOPLIST_KEY_UILaunchStoryboardName = LaunchScreen;
				INFOPLIST_KEY_UIMainStoryboardFile = Main;
				INFOPLIST_KEY_UISupportedInterfaceOrientations_iPad = "UIInterfaceOrientationPortrait UIInterfaceOrientationPortraitUpsideDown UIInterfaceOrientationLandscapeLeft UIInterfaceOrientationLandscapeRight";
				INFOPLIST_KEY_UISupportedInterfaceOrientations_iPhone = "UIInterfaceOrientationPortrait UIInterfaceOrientationLandscapeLeft UIInterfaceOrientationLandscapeRight";
				LD_RUNPATH_SEARCH_PATHS = (
					"$(inherited)",
					"@executable_path/Frameworks",
				);
				MARKETING_VERSION = 1.0;
				PRODUCT_BUNDLE_IDENTIFIER = com.bilal.Odev6Listeleme;
				PRODUCT_NAME = "$(TARGET_NAME)";
				SWIFT_EMIT_LOC_STRINGS = YES;
				SWIFT_VERSION = 5.0;
				TARGETED_DEVICE_FAMILY = "1,2";
			};
			name = Debug;
		};
		C39F769928AFB75F00F74E90 /* Release */ = {
			isa = XCBuildConfiguration;
			buildSettings = {
				ASSETCATALOG_COMPILER_APPICON_NAME = AppIcon;
				ASSETCATALOG_COMPILER_GLOBAL_ACCENT_COLOR_NAME = AccentColor;
				CODE_SIGN_STYLE = Automatic;
				CURRENT_PROJECT_VERSION = 1;
				DEVELOPMENT_TEAM = K4Z35HXPV3;
				GENERATE_INFOPLIST_FILE = YES;
				INFOPLIST_FILE = Odev6Listeleme/Info.plist;
				INFOPLIST_KEY_UIApplicationSupportsIndirectInputEvents = YES;
				INFOPLIST_KEY_UILaunchStoryboardName = LaunchScreen;
				INFOPLIST_KEY_UIMainStoryboardFile = Main;
				INFOPLIST_KEY_UISupportedInterfaceOrientations_iPad = "UIInterfaceOrientationPortrait UIInterfaceOrientationPortraitUpsideDown UIInterfaceOrientationLandscapeLeft UIInterfaceOrientationLandscapeRight";
				INFOPLIST_KEY_UISupportedInterfaceOrientations_iPhone = "UIInterfaceOrientationPortrait UIInterfaceOrientationLandscapeLeft UIInterfaceOrientationLandscapeRight";
				LD_RUNPATH_SEARCH_PATHS = (
					"$(inherited)",
					"@executable_path/Frameworks",
				);
				MARKETING_VERSION = 1.0;
				PRODUCT_BUNDLE_IDENTIFIER = com.bilal.Odev6Listeleme;
				PRODUCT_NAME = "$(TARGET_NAME)";
				SWIFT_EMIT_LOC_STRINGS = YES;
				SWIFT_VERSION = 5.0;
				TARGETED_DEVICE_FAMILY = "1,2";
			};
			name = Release;
		};
/* End XCBuildConfiguration section */

/* Begin XCConfigurationList section */
		C39F767E28AFB75F00F74E90 /* Build configuration list for PBXProject "Odev6Listeleme" */ = {
			isa = XCConfigurationList;
			buildConfigurations = (
				C39F769528AFB75F00F74E90 /* Debug */,
				C39F769628AFB75F00F74E90 /* Release */,
			);
			defaultConfigurationIsVisible = 0;
			defaultConfigurationName = Release;
		};
		C39F769728AFB75F00F74E90 /* Build configuration list for PBXNativeTarget "Odev6Listeleme" */ = {
			isa = XCConfigurationList;
			buildConfigurations = (
				C39F769828AFB75F00F74E90 /* Debug */,
				C39F769928AFB75F00F74E90 /* Release */,
			);
			defaultConfigurationIsVisible = 0;
			defaultConfigurationName = Release;
		};
/* End XCConfigurationList section */
	};
	rootObject = C39F767B28AFB75F00F74E90 /* Project object */;
}
